{
  "name": "static-server",
  "version": "1.0.0",
  "lockfileVersion": 2,
  "requires": true,
  "packages": {
    "": {
      "name": "static-server",
      "version": "1.0.0",
      "license": "MIT",
      "dependencies": {
        "mime": "^3.0.0"
      }
    },
    "node_modules/_mime@3.0.0@mime": {
      "name": "mime",
      "version": "3.0.0",
      "license": "MIT",
      "bin": {
        "mime": "cli.js"
      },
      "engines": {
        "node": ">=10.0.0"
      }
    },
    "node_modules/mime": {
      "resolved": "node_modules/_mime@3.0.0@mime",
      "link": true
    }
  },
  "dependencies": {
    "_mime@3.0.0@mime": {
      "version": "npm:mime@3.0.0"
    },
    "mime": {
      "version": "file:node_modules/_mime@3.0.0@mime"
    }
  }
}
